
Microsoft Visual Studio Solution File, Format Version 12.00
# Visual Studio Version 17
VisualStudioVersion = 17.2.32505.173
MinimumVisualStudioVersion = 10.0.40219.1
Project("{FAE04EC0-301F-11D3-BF4B-00C04F79EFBC}") = "DefiningClasses", "DefiningClasses\DefiningClasses.csproj", "{844327F3-9982-4899-9F8C-A6A9E0092359}"
EndProject
Global
	GlobalSection(SolutionConfigurationPlatforms) = preSolution
		Debug|Any CPU = Debug|Any CPU
		Release|Any CPU = Release|Any CPU
	EndGlobalSection
	GlobalSection(ProjectConfigurationPlatforms) = postSolution
		{844327F3-9982-4899-9F8C-A6A9E0092359}.Debug|Any CPU.ActiveCfg = Debug|Any CPU
		{844327F3-9982-4899-9F8C-A6A9E0092359}.Debug|Any CPU.Build.0 = Debug|Any CPU
		{844327F3-9982-4899-9F8C-A6A9E0092359}.Release|Any CPU.ActiveCfg = Release|Any CPU
		{844327F3-9982-4899-9F8C-A6A9E0092359}.Release|Any CPU.Build.0 = Release|Any CPU
	EndGlobalSection
	GlobalSection(SolutionProperties) = preSolution
		HideSolutionNode = FALSE
	EndGlobalSection
	GlobalSection(ExtensibilityGlobals) = postSolution
		SolutionGuid = {25FC0F37-F98C-4C1B-965A-D09449ABC1A1}
	EndGlobalSection
EndGlobal
